
Microsoft Visual Studio Solution File, Format Version 12.00
# Visual Studio 15
VisualStudioVersion = 15.0.26730.8
MinimumVisualStudioVersion = 10.0.40219.1
Project("{2150E333-8FDC-42A3-9474-1A3956D46DE8}") = "Solution Items", "Solution Items", "{AFF6BF88-8A7D-4736-AF81-31BCE86B19BD}"
EndProject
Project("{9A19103F-16F7-4668-BE54-9A1E7A4F7556}") = "DirectLineProxyAPI", "DirectLineProxySite\DirectLineProxyAPI.csproj", "{C76D1D9B-DD7A-4465-869A-EA61541C7609}"
EndProject
Global
	GlobalSection(SolutionConfigurationPlatforms) = preSolution
		Debug|Any CPU = Debug|Any CPU
		Release|Any CPU = Release|Any CPU
	EndGlobalSection
	GlobalSection(ProjectConfigurationPlatforms) = postSolution
		{C76D1D9B-DD7A-4465-869A-EA61541C7609}.Debug|Any CPU.ActiveCfg = Debug|Any CPU
		{C76D1D9B-DD7A-4465-869A-EA61541C7609}.Debug|Any CPU.Build.0 = Debug|Any CPU
		{C76D1D9B-DD7A-4465-869A-EA61541C7609}.Release|Any CPU.ActiveCfg = Release|Any CPU
		{C76D1D9B-DD7A-4465-869A-EA61541C7609}.Release|Any CPU.Build.0 = Release|Any CPU
	EndGlobalSection
	GlobalSection(SolutionProperties) = preSolution
		HideSolutionNode = FALSE
	EndGlobalSection
	GlobalSection(ExtensibilityGlobals) = postSolution
		SolutionGuid = {D2A7DB46-0877-4DA7-B6AC-26D23E8D7580}
	EndGlobalSection
EndGlobal
